
Microsoft Visual Studio Solution File, Format Version 12.00
# Visual Studio Version 16
VisualStudioVersion = 16.0.31410.357
MinimumVisualStudioVersion = 10.0.40219.1
Project("{FAE04EC0-301F-11D3-BF4B-00C04F79EFBC}") = "DataSourceAPI", "DataSourceAPI\DataSourceAPI.csproj", "{A3F12382-46C7-47FF-AD99-2405F24F6AF3}"
EndProject
Global
	GlobalSection(SolutionConfigurationPlatforms) = preSolution
		Debug|Any CPU = Debug|Any CPU
		Release|Any CPU = Release|Any CPU
	EndGlobalSection
	GlobalSection(ProjectConfigurationPlatforms) = postSolution
		{A3F12382-46C7-47FF-AD99-2405F24F6AF3}.Debug|Any CPU.ActiveCfg = Debug|Any CPU
		{A3F12382-46C7-47FF-AD99-2405F24F6AF3}.Debug|Any CPU.Build.0 = Debug|Any CPU
		{A3F12382-46C7-47FF-AD99-2405F24F6AF3}.Release|Any CPU.ActiveCfg = Release|Any CPU
		{A3F12382-46C7-47FF-AD99-2405F24F6AF3}.Release|Any CPU.Build.0 = Release|Any CPU
	EndGlobalSection
	GlobalSection(SolutionProperties) = preSolution
		HideSolutionNode = FALSE
	EndGlobalSection
	GlobalSection(ExtensibilityGlobals) = postSolution
		SolutionGuid = {B8B99892-808E-4702-8B72-9D1364C05C01}
	EndGlobalSection
EndGlobal
